
Microsoft Visual Studio Solution File, Format Version 12.00
# Visual Studio Version 17
VisualStudioVersion = 17.2.32602.215
MinimumVisualStudioVersion = 10.0.40219.1
Project("{FAE04EC0-301F-11D3-BF4B-00C04F79EFBC}") = "fourinrow", "fourinrow\fourinrow.csproj", "{62F0DEB3-23FE-4DB3-A1AA-5DC1070BB75D}"
EndProject
Global
	GlobalSection(SolutionConfigurationPlatforms) = preSolution
		Debug|Any CPU = Debug|Any CPU
		Release|Any CPU = Release|Any CPU
	EndGlobalSection
	GlobalSection(ProjectConfigurationPlatforms) = postSolution
		{62F0DEB3-23FE-4DB3-A1AA-5DC1070BB75D}.Debug|Any CPU.ActiveCfg = Debug|Any CPU
		{62F0DEB3-23FE-4DB3-A1AA-5DC1070BB75D}.Debug|Any CPU.Build.0 = Debug|Any CPU
		{62F0DEB3-23FE-4DB3-A1AA-5DC1070BB75D}.Release|Any CPU.ActiveCfg = Release|Any CPU
		{62F0DEB3-23FE-4DB3-A1AA-5DC1070BB75D}.Release|Any CPU.Build.0 = Release|Any CPU
	EndGlobalSection
	GlobalSection(SolutionProperties) = preSolution
		HideSolutionNode = FALSE
	EndGlobalSection
	GlobalSection(ExtensibilityGlobals) = postSolution
		SolutionGuid = {4CC7BCEB-1081-4B74-BEC7-F7A4D15C9DBA}
	EndGlobalSection
EndGlobal
